// !$*UTF8*$!
{
	archiveVersion = 1;
	classes = {
	};
	objectVersion = 56;
	objects = {

/* Begin PBXBuildFile section */
		DE15176729C328F9002DCC55 /* Dice_SwiftUIApp.swift in Sources */ = {isa = PBXBuildFile; fileRef = DE15176629C328F9002DCC55 /* Dice_SwiftUIApp.swift */; };
		DE15176929C328F9002DCC55 /* ContentView.swift in Sources */ = {isa = PBXBuildFile; fileRef = DE15176829C328F9002DCC55 /* ContentView.swift */; };
		DE15176B29C328FB002DCC55 /* Assets.xcassets in Resources */ = {isa = PBXBuildFile; fileRef = DE15176A29C328FB002DCC55 /* Assets.xcassets */; };
		DE15176E29C328FB002DCC55 /* Preview Assets.xcassets in Resources */ = {isa = PBXBuildFile; fileRef = DE15176D29C328FB002DCC55 /* Preview Assets.xcassets */; };
		DE15177829C328FB002DCC55 /* Dice_SwiftUITests.swift in Sources */ = {isa = PBXBuildFile; fileRef = DE15177729C328FB002DCC55 /* Dice_SwiftUITests.swift */; };
		DE15178229C328FB002DCC55 /* Dice_SwiftUIUITests.swift in Sources */ = {isa = PBXBuildFile; fileRef = DE15178129C328FB002DCC55 /* Dice_SwiftUIUITests.swift */; };
		DE15178429C328FB002DCC55 /* Dice_SwiftUIUITestsLaunchTests.swift in Sources */ = {isa = PBXBuildFile; fileRef = DE15178329C328FB002DCC55 /* Dice_SwiftUIUITestsLaunchTests.swift */; };
/* End PBXBuildFile section */

/* Begin PBXContainerItemProxy section */
		DE15177429C328FB002DCC55 /* PBXContainerItemProxy */ = {
			isa = PBXContainerItemProxy;
			containerPortal = DE15175B29C328F9002DCC55 /* Project object */;
			proxyType = 1;
			remoteGlobalIDString = DE15176229C328F9002DCC55;
			remoteInfo = "Dice SwiftUI";
		};
		DE15177E29C328FB002DCC55 /* PBXContainerItemProxy */ = {
			isa = PBXContainerItemProxy;
			containerPortal = DE15175B29C328F9002DCC55 /* Project object */;
			proxyType = 1;
			remoteGlobalIDString = DE15176229C328F9002DCC55;
			remoteInfo = "Dice SwiftUI";
		};
/* End PBXContainerItemProxy section */

/* Begin PBXFileReference section */
		DE15176329C328F9002DCC55 /* Dice SwiftUI.app */ = {isa = PBXFileReference; explicitFileType = wrapper.application; includeInIndex = 0; path = "Dice SwiftUI.app"; sourceTree = BUILT_PRODUCTS_DIR; };
		DE15176629C328F9002DCC55 /* Dice_SwiftUIApp.swift */ = {isa = PBXFileReference; lastKnownFileType = sourcecode.swift; path = Dice_SwiftUIApp.swift; sourceTree = "<group>"; };
		DE15176829C328F9002DCC55 /* ContentView.swift */ = {isa = PBXFileReference; lastKnownFileType = sourcecode.swift; path = ContentView.swift; sourceTree = "<group>"; };
		DE15176A29C328FB002DCC55 /* Assets.xcassets */ = {isa = PBXFileReference; lastKnownFileType = folder.assetcatalog; path = Assets.xcassets; sourceTree = "<group>"; };
		DE15176D29C328FB002DCC55 /* Preview Assets.xcassets */ = {isa = PBXFileReference; lastKnownFileType = folder.assetcatalog; path = "Preview Assets.xcassets"; sourceTree = "<group>"; };
		DE15177329C328FB002DCC55 /* Dice SwiftUITests.xctest */ = {isa = PBXFileReference; explicitFileType = wrapper.cfbundle; includeInIndex = 0; path = "Dice SwiftUITests.xctest"; sourceTree = BUILT_PRODUCTS_DIR; };
		DE15177729C328FB002DCC55 /* Dice_SwiftUITests.swift */ = {isa = PBXFileReference; lastKnownFileType = sourcecode.swift; path = Dice_SwiftUITests.swift; sourceTree = "<group>"; };
		DE15177D29C328FB002DCC55 /* Dice SwiftUIUITests.xctest */ = {isa = PBXFileReference; explicitFileType = wrapper.cfbundle; includeInIndex = 0; path = "Dice SwiftUIUITests.xctest"; sourceTree = BUILT_PRODUCTS_DIR; };
		DE15178129C328FB002DCC55 /* Dice_SwiftUIUITests.swift */ = {isa = PBXFileReference; lastKnownFileType = sourcecode.swift; path = Dice_SwiftUIUITests.swift; sourceTree = "<group>"; };
		DE15178329C328FB002DCC55 /* Dice_SwiftUIUITestsLaunchTests.swift */ = {isa = PBXFileReference; lastKnownFileType = sourcecode.swift; path = Dice_SwiftUIUITestsLaunchTests.swift; sourceTree = "<group>"; };
/* End PBXFileReference section */

/* Begin PBXFrameworksBuildPhase section */
		DE15176029C328F9002DCC55 /* Frameworks */ = {
			isa = PBXFrameworksBuildPhase;
			buildActionMask = 2147483647;
			files = (
			);
			runOnlyForDeploymentPostprocessing = 0;
		};
		DE15177029C328FB002DCC55 /* Frameworks */ = {
			isa = PBXFrameworksBuildPhase;
			buildActionMask = 2147483647;
			files = (
			);
			runOnlyForDeploymentPostprocessing = 0;
		};
		DE15177A29C328FB002DCC55 /* Frameworks */ = {
			isa = PBXFrameworksBuildPhase;
			buildActionMask = 2147483647;
			files = (
			);
			runOnlyForDeploymentPostprocessing = 0;
		};
/* End PBXFrameworksBuildPhase section */

/* Begin PBXGroup section */
		DE15175A29C328F9002DCC55 = {
			isa = PBXGroup;
			children = (
				DE15176529C328F9002DCC55 /* Dice SwiftUI */,
				DE15177629C328FB002DCC55 /* Dice SwiftUITests */,
				DE15178029C328FB002DCC55 /* Dice SwiftUIUITests */,
				DE15176429C328F9002DCC55 /* Products */,
			);
			sourceTree = "<group>";
		};
		DE15176429C328F9002DCC55 /* Products */ = {
			isa = PBXGroup;
			children = (
				DE15176329C328F9002DCC55 /* Dice SwiftUI.app */,
				DE15177329C328FB002DCC55 /* Dice SwiftUITests.xctest */,
				DE15177D29C328FB002DCC55 /* Dice SwiftUIUITests.xctest */,
			);
			name = Products;
			sourceTree = "<group>";
		};
		DE15176529C328F9002DCC55 /* Dice SwiftUI */ = {
			isa = PBXGroup;
			children = (
				DE15176629C328F9002DCC55 /* Dice_SwiftUIApp.swift */,
				DE15176829C328F9002DCC55 /* ContentView.swift */,
				DE15176A29C328FB002DCC55 /* Assets.xcassets */,
				DE15176C29C328FB002DCC55 /* Preview Content */,
			);
			path = "Dice SwiftUI";
			sourceTree = "<group>";
		};
		DE15176C29C328FB002DCC55 /* Preview Content */ = {
			isa = PBXGroup;
			children = (
				DE15176D29C328FB002DCC55 /* Preview Assets.xcassets */,
			);
			path = "Preview Content";
			sourceTree = "<group>";
		};
		DE15177629C328FB002DCC55 /* Dice SwiftUITests */ = {
			isa = PBXGroup;
			children = (
				DE15177729C328FB002DCC55 /* Dice_SwiftUITests.swift */,
			);
			path = "Dice SwiftUITests";
			sourceTree = "<group>";
		};
		DE15178029C328FB002DCC55 /* Dice SwiftUIUITests */ = {
			isa = PBXGroup;
			children = (
				DE15178129C328FB002DCC55 /* Dice_SwiftUIUITests.swift */,
				DE15178329C328FB002DCC55 /* Dice_SwiftUIUITestsLaunchTests.swift */,
			);
			path = "Dice SwiftUIUITests";
			sourceTree = "<group>";
		};
/* End PBXGroup section */

/* Begin PBXNativeTarget section */
		DE15176229C328F9002DCC55 /* Dice SwiftUI */ = {
			isa = PBXNativeTarget;
			buildConfigurationList = DE15178729C328FB002DCC55 /* Build configuration list for PBXNativeTarget "Dice SwiftUI" */;
			buildPhases = (
				DE15175F29C328F9002DCC55 /* Sources */,
				DE15176029C328F9002DCC55 /* Frameworks */,
				DE15176129C328F9002DCC55 /* Resources */,
			);
			buildRules = (
			);
			dependencies = (
			);
			name = "Dice SwiftUI";
			productName = "Dice SwiftUI";
			productReference = DE15176329C328F9002DCC55 /* Dice SwiftUI.app */;
			productType = "com.apple.product-type.application";
		};
		DE15177229C328FB002DCC55 /* Dice SwiftUITests */ = {
			isa = PBXNativeTarget;
			buildConfigurationList = DE15178A29C328FB002DCC55 /* Build configuration list for PBXNativeTarget "Dice SwiftUITests" */;
			buildPhases = (
				DE15176F29C328FB002DCC55 /* Sources */,
				DE15177029C328FB002DCC55 /* Frameworks */,
				DE15177129C328FB002DCC55 /* Resources */,
			);
			buildRules = (
			);
			dependencies = (
				DE15177529C328FB002DCC55 /* PBXTargetDependency */,
			);
			name = "Dice SwiftUITests";
			productName = "Dice SwiftUITests";
			productReference = DE15177329C328FB002DCC55 /* Dice SwiftUITests.xctest */;
			productType = "com.apple.product-type.bundle.unit-test";
		};
		DE15177C29C328FB002DCC55 /* Dice SwiftUIUITests */ = {
			isa = PBXNativeTarget;
			buildConfigurationList = DE15178D29C328FB002DCC55 /* Build configuration list for PBXNativeTarget "Dice SwiftUIUITests" */;
			buildPhases = (
				DE15177929C328FB002DCC55 /* Sources */,
				DE15177A29C328FB002DCC55 /* Frameworks */,
				DE15177B29C328FB002DCC55 /* Resources */,
			);
			buildRules = (
			);
			dependencies = (
				DE15177F29C328FB002DCC55 /* PBXTargetDependency */,
			);
			name = "Dice SwiftUIUITests";
			productName = "Dice SwiftUIUITests";
			productReference = DE15177D29C328FB002DCC55 /* Dice SwiftUIUITests.xctest */;
			productType = "com.apple.product-type.bundle.ui-testing";
		};
/* End PBXNativeTarget section */

/* Begin PBXProject section */
		DE15175B29C328F9002DCC55 /* Project object */ = {
			isa = PBXProject;
			attributes = {
				BuildIndependentTargetsInParallel = 1;
				LastSwiftUpdateCheck = 1420;
				LastUpgradeCheck = 1420;
				TargetAttributes = {
					DE15176229C328F9002DCC55 = {
						CreatedOnToolsVersion = 14.2;
					};
					DE15177229C328FB002DCC55 = {
						CreatedOnToolsVersion = 14.2;
						TestTargetID = DE15176229C328F9002DCC55;
					};
					DE15177C29C328FB002DCC55 = {
						CreatedOnToolsVersion = 14.2;
						TestTargetID = DE15176229C328F9002DCC55;
					};
				};
			};
			buildConfigurationList = DE15175E29C328F9002DCC55 /* Build configuration list for PBXProject "Dice SwiftUI" */;
			compatibilityVersion = "Xcode 14.0";
			developmentRegion = en;
			hasScannedForEncodings = 0;
			knownRegions = (
				en,
				Base,
			);
			mainGroup = DE15175A29C328F9002DCC55;
			productRefGroup = DE15176429C328F9002DCC55 /* Products */;
			projectDirPath = "";
			projectRoot = "";
			targets = (
				DE15176229C328F9002DCC55 /* Dice SwiftUI */,
				DE15177229C328FB002DCC55 /* Dice SwiftUITests */,
				DE15177C29C328FB002DCC55 /* Dice SwiftUIUITests */,
			);
		};
/* End PBXProject section */

/* Begin PBXResourcesBuildPhase section */
		DE15176129C328F9002DCC55 /* Resources */ = {
			isa = PBXResourcesBuildPhase;
			buildActionMask = 2147483647;
			files = (
				DE15176E29C328FB002DCC55 /* Preview Assets.xcassets in Resources */,
				DE15176B29C328FB002DCC55 /* Assets.xcassets in Resources */,
			);
			runOnlyForDeploymentPostprocessing = 0;
		};
		DE15177129C328FB002DCC55 /* Resources */ = {
			isa = PBXResourcesBuildPhase;
			buildActionMask = 2147483647;
			files = (
			);
			runOnlyForDeploymentPostprocessing = 0;
		};
		DE15177B29C328FB002DCC55 /* Resources */ = {
			isa = PBXResourcesBuildPhase;
			buildActionMask = 2147483647;
			files = (
			);
			runOnlyForDeploymentPostprocessing = 0;
		};
/* End PBXResourcesBuildPhase section */

/* Begin PBXSourcesBuildPhase section */
		DE15175F29C328F9002DCC55 /* Sources */ = {
			isa = PBXSourcesBuildPhase;
			buildActionMask = 2147483647;
			files = (
				DE15176929C328F9002DCC55 /* ContentView.swift in Sources */,
				DE15176729C328F9002DCC55 /* Dice_SwiftUIApp.swift in Sources */,
			);
			runOnlyForDeploymentPostprocessing = 0;
		};
		DE15176F29C328FB002DCC55 /* Sources */ = {
			isa = PBXSourcesBuildPhase;
			buildActionMask = 2147483647;
			files = (
				DE15177829C328FB002DCC55 /* Dice_SwiftUITests.swift in Sources */,
			);
			runOnlyForDeploymentPostprocessing = 0;
		};
		DE15177929C328FB002DCC55 /* Sources */ = {
			isa = PBXSourcesBuildPhase;
			buildActionMask = 2147483647;
			files = (
				DE15178229C328FB002DCC55 /* Dice_SwiftUIUITests.swift in Sources */,
				DE15178429C328FB002DCC55 /* Dice_SwiftUIUITestsLaunchTests.swift in Sources */,
			);
			runOnlyForDeploymentPostprocessing = 0;
		};
/* End PBXSourcesBuildPhase section */

/* Begin PBXTargetDependency section */
		DE15177529C328FB002DCC55 /* PBXTargetDependency */ = {
			isa = PBXTargetDependency;
			target = DE15176229C328F9002DCC55 /* Dice SwiftUI */;
			targetProxy = DE15177429C328FB002DCC55 /* PBXContainerItemProxy */;
		};
		DE15177F29C328FB002DCC55 /* PBXTargetDependency */ = {
			isa = PBXTargetDependency;
			target = DE15176229C328F9002DCC55 /* Dice SwiftUI */;
			targetProxy = DE15177E29C328FB002DCC55 /* PBXContainerItemProxy */;
		};
/* End PBXTargetDependency section */

/* Begin XCBuildConfiguration section */
		DE15178529C328FB002DCC55 /* Debug */ = {
			isa = XCBuildConfiguration;
			buildSettings = {
				ALWAYS_SEARCH_USER_PATHS = NO;
				CLANG_ANALYZER_NONNULL = YES;
				CLANG_ANALYZER_NUMBER_OBJECT_CONVERSION = YES_AGGRESSIVE;
				CLANG_CXX_LANGUAGE_STANDARD = "gnu++20";
				CLANG_ENABLE_MODULES = YES;
				CLANG_ENABLE_OBJC_ARC = YES;
				CLANG_ENABLE_OBJC_WEAK = YES;
				CLANG_WARN_BLOCK_CAPTURE_AUTORELEASING = YES;
				CLANG_WARN_BOOL_CONVERSION = YES;
				CLANG_WARN_COMMA = YES;
				CLANG_WARN_CONSTANT_CONVERSION = YES;
				CLANG_WARN_DEPRECATED_OBJC_IMPLEMENTATIONS = YES;
				CLANG_WARN_DIRECT_OBJC_ISA_USAGE = YES_ERROR;
				CLANG_WARN_DOCUMENTATION_COMMENTS = YES;
				CLANG_WARN_EMPTY_BODY = YES;
				CLANG_WARN_ENUM_CONVERSION = YES;
				CLANG_WARN_INFINITE_RECURSION = YES;
				CLANG_WARN_INT_CONVERSION = YES;
				CLANG_WARN_NON_LITERAL_NULL_CONVERSION = YES;
				CLANG_WARN_OBJC_IMPLICIT_RETAIN_SELF = YES;
				CLANG_WARN_OBJC_LITERAL_CONVERSION = YES;
				CLANG_WARN_OBJC_ROOT_CLASS = YES_ERROR;
				CLANG_WARN_QUOTED_INCLUDE_IN_FRAMEWORK_HEADER = YES;
				CLANG_WARN_RANGE_LOOP_ANALYSIS = YES;
				CLANG_WARN_STRICT_PROTOTYPES = YES;
				CLANG_WARN_SUSPICIOUS_MOVE = YES;
				CLANG_WARN_UNGUARDED_AVAILABILITY = YES_AGGRESSIVE;
				CLANG_WARN_UNREACHABLE_CODE = YES;
				CLANG_WARN__DUPLICATE_METHOD_MATCH = YES;
				COPY_PHASE_STRIP = NO;
				DEBUG_INFORMATION_FORMAT = dwarf;
				ENABLE_STRICT_OBJC_MSGSEND = YES;
				ENABLE_TESTABILITY = YES;
				GCC_C_LANGUAGE_STANDARD = gnu11;
				GCC_DYNAMIC_NO_PIC = NO;
				GCC_NO_COMMON_BLOCKS = YES;
				GCC_OPTIMIZATION_LEVEL = 0;
				GCC_PREPROCESSOR_DEFINITIONS = (
					"DEBUG=1",
					"$(inherited)",
				);
				GCC_WARN_64_TO_32_BIT_CONVERSION = YES;
				GCC_WARN_ABOUT_RETURN_TYPE = YES_ERROR;
				GCC_WARN_UNDECLARED_SELECTOR = YES;
				GCC_WARN_UNINITIALIZED_AUTOS = YES_AGGRESSIVE;
				GCC_WARN_UNUSED_FUNCTION = YES;
				GCC_WARN_UNUSED_VARIABLE = YES;
				IPHONEOS_DEPLOYMENT_TARGET = 16.2;
				MTL_ENABLE_DEBUG_INFO = INCLUDE_SOURCE;
				MTL_FAST_MATH = YES;
				ONLY_ACTIVE_ARCH = YES;
				SDKROOT = iphoneos;
				SWIFT_ACTIVE_COMPILATION_CONDITIONS = DEBUG;
				SWIFT_OPTIMIZATION_LEVEL = "-Onone";
			};
			name = Debug;
		};
		DE15178629C328FB002DCC55 /* Release */ = {
			isa = XCBuildConfiguration;
			buildSettings = {
				ALWAYS_SEARCH_USER_PATHS = NO;
				CLANG_ANALYZER_NONNULL = YES;
				CLANG_ANALYZER_NUMBER_OBJECT_CONVERSION = YES_AGGRESSIVE;
				CLANG_CXX_LANGUAGE_STANDARD = "gnu++20";
				CLANG_ENABLE_MODULES = YES;
				CLANG_ENABLE_OBJC_ARC = YES;
				CLANG_ENABLE_OBJC_WEAK = YES;
				CLANG_WARN_BLOCK_CAPTURE_AUTORELEASING = YES;
				CLANG_WARN_BOOL_CONVERSION = YES;
				CLANG_WARN_COMMA = YES;
				CLANG_WARN_CONSTANT_CONVERSION = YES;
				CLANG_WARN_DEPRECATED_OBJC_IMPLEMENTATIONS = YES;
				CLANG_WARN_DIRECT_OBJC_ISA_USAGE = YES_ERROR;
				CLANG_WARN_DOCUMENTATION_COMMENTS = YES;
				CLANG_WARN_EMPTY_BODY = YES;
				CLANG_WARN_ENUM_CONVERSION = YES;
				CLANG_WARN_INFINITE_RECURSION = YES;
				CLANG_WARN_INT_CONVERSION = YES;
				CLANG_WARN_NON_LITERAL_NULL_CONVERSION = YES;
				CLANG_WARN_OBJC_IMPLICIT_RETAIN_SELF = YES;
				CLANG_WARN_OBJC_LITERAL_CONVERSION = YES;
				CLANG_WARN_OBJC_ROOT_CLASS = YES_ERROR;
				CLANG_WARN_QUOTED_INCLUDE_IN_FRAMEWORK_HEADER = YES;
				CLANG_WARN_RANGE_LOOP_ANALYSIS = YES;
				CLANG_WARN_STRICT_PROTOTYPES = YES;
				CLANG_WARN_SUSPICIOUS_MOVE = YES;
				CLANG_WARN_UNGUARDED_AVAILABILITY = YES_AGGRESSIVE;
				CLANG_WARN_UNREACHABLE_CODE = YES;
				CLANG_WARN__DUPLICATE_METHOD_MATCH = YES;
				COPY_PHASE_STRIP = NO;
				DEBUG_INFORMATION_FORMAT = "dwarf-with-dsym";
				ENABLE_NS_ASSERTIONS = NO;
				ENABLE_STRICT_OBJC_MSGSEND = YES;
				GCC_C_LANGUAGE_STANDARD = gnu11;
				GCC_NO_COMMON_BLOCKS = YES;
				GCC_WARN_64_TO_32_BIT_CONVERSION = YES;
				GCC_WARN_ABOUT_RETURN_TYPE = YES_ERROR;
				GCC_WARN_UNDECLARED_SELECTOR = YES;
				GCC_WARN_UNINITIALIZED_AUTOS = YES_AGGRESSIVE;
				GCC_WARN_UNUSED_FUNCTION = YES;
				GCC_WARN_UNUSED_VARIABLE = YES;
				IPHONEOS_DEPLOYMENT_TARGET = 16.2;
				MTL_ENABLE_DEBUG_INFO = NO;
				MTL_FAST_MATH = YES;
				SDKROOT = iphoneos;
				SWIFT_COMPILATION_MODE = wholemodule;
				SWIFT_OPTIMIZATION_LEVEL = "-O";
				VALIDATE_PRODUCT = YES;
			};
			name = Release;
		};
		DE15178829C328FB002DCC55 /* Debug */ = {
			isa = XCBuildConfiguration;
			buildSettings = {
				ASSETCATALOG_COMPILER_APPICON_NAME = AppIcon;
				ASSETCATALOG_COMPILER_GLOBAL_ACCENT_COLOR_NAME = AccentColor;
				CODE_SIGN_STYLE = Automatic;
				CURRENT_PROJECT_VERSION = 1;
				DEVELOPMENT_ASSET_PATHS = "\"Dice SwiftUI/Preview Content\"";
				DEVELOPMENT_TEAM = 976NTK47XK;
				ENABLE_PREVIEWS = YES;
				GENERATE_INFOPLIST_FILE = YES;
				INFOPLIST_KEY_UIApplicationSceneManifest_Generation = YES;
				INFOPLIST_KEY_UIApplicationSupportsIndirectInputEvents = YES;
				INFOPLIST_KEY_UILaunchScreen_Generation = YES;
				INFOPLIST_KEY_UISupportedInterfaceOrientations_iPad = "UIInterfaceOrientationPortrait UIInterfaceOrientationPortraitUpsideDown UIInterfaceOrientationLandscapeLeft UIInterfaceOrientationLandscapeRight";
				INFOPLIST_KEY_UISupportedInterfaceOrientations_iPhone = "UIInterfaceOrientationPortrait UIInterfaceOrientationLandscapeLeft UIInterfaceOrientationLandscapeRight";
				LD_RUNPATH_SEARCH_PATHS = (
					"$(inherited)",
					"@executable_path/Frameworks",
				);
				MARKETING_VERSION = 1.0;
				PRODUCT_BUNDLE_IDENTIFIER = "com.germanpaul.Dice-SwiftUI";
				PRODUCT_NAME = "$(TARGET_NAME)";
				SWIFT_EMIT_LOC_STRINGS = YES;
				SWIFT_VERSION = 5.0;
				TARGETED_DEVICE_FAMILY = "1,2";
			};
			name = Debug;
		};
		DE15178929C328FB002DCC55 /* Release */ = {
			isa = XCBuildConfiguration;
			buildSettings = {
				ASSETCATALOG_COMPILER_APPICON_NAME = AppIcon;
				ASSETCATALOG_COMPILER_GLOBAL_ACCENT_COLOR_NAME = AccentColor;
				CODE_SIGN_STYLE = Automatic;
				CURRENT_PROJECT_VERSION = 1;
				DEVELOPMENT_ASSET_PATHS = "\"Dice SwiftUI/Preview Content\"";
				DEVELOPMENT_TEAM = 976NTK47XK;
				ENABLE_PREVIEWS = YES;
				GENERATE_INFOPLIST_FILE = YES;
				INFOPLIST_KEY_UIApplicationSceneManifest_Generation = YES;
				INFOPLIST_KEY_UIApplicationSupportsIndirectInputEvents = YES;
				INFOPLIST_KEY_UILaunchScreen_Generation = YES;
				INFOPLIST_KEY_UISupportedInterfaceOrientations_iPad = "UIInterfaceOrientationPortrait UIInterfaceOrientationPortraitUpsideDown UIInterfaceOrientationLandscapeLeft UIInterfaceOrientationLandscapeRight";
				INFOPLIST_KEY_UISupportedInterfaceOrientations_iPhone = "UIInterfaceOrientationPortrait UIInterfaceOrientationLandscapeLeft UIInterfaceOrientationLandscapeRight";
				LD_RUNPATH_SEARCH_PATHS = (
					"$(inherited)",
					"@executable_path/Frameworks",
				);
				MARKETING_VERSION = 1.0;
				PRODUCT_BUNDLE_IDENTIFIER = "com.germanpaul.Dice-SwiftUI";
				PRODUCT_NAME = "$(TARGET_NAME)";
				SWIFT_EMIT_LOC_STRINGS = YES;
				SWIFT_VERSION = 5.0;
				TARGETED_DEVICE_FAMILY = "1,2";
			};
			name = Release;
		};
		DE15178B29C328FB002DCC55 /* Debug */ = {
			isa = XCBuildConfiguration;
			buildSettings = {
				ALWAYS_EMBED_SWIFT_STANDARD_LIBRARIES = YES;
				BUNDLE_LOADER = "$(TEST_HOST)";
				CODE_SIGN_STYLE = Automatic;
				CURRENT_PROJECT_VERSION = 1;
				DEVELOPMENT_TEAM = 976NTK47XK;
				GENERATE_INFOPLIST_FILE = YES;
				IPHONEOS_DEPLOYMENT_TARGET = 16.2;
				MARKETING_VERSION = 1.0;
				PRODUCT_BUNDLE_IDENTIFIER = "com.germanpaul.Dice-SwiftUITests";
				PRODUCT_NAME = "$(TARGET_NAME)";
				SWIFT_EMIT_LOC_STRINGS = NO;
				SWIFT_VERSION = 5.0;
				TARGETED_DEVICE_FAMILY = "1,2";
				TEST_HOST = "$(BUILT_PRODUCTS_DIR)/Dice SwiftUI.app/$(BUNDLE_EXECUTABLE_FOLDER_PATH)/Dice SwiftUI";
			};
			name = Debug;
		};
		DE15178C29C328FB002DCC55 /* Release */ = {
			isa = XCBuildConfiguration;
			buildSettings = {
				ALWAYS_EMBED_SWIFT_STANDARD_LIBRARIES = YES;
				BUNDLE_LOADER = "$(TEST_HOST)";
				CODE_SIGN_STYLE = Automatic;
				CURRENT_PROJECT_VERSION = 1;
				DEVELOPMENT_TEAM = 976NTK47XK;
				GENERATE_INFOPLIST_FILE = YES;
				IPHONEOS_DEPLOYMENT_TARGET = 16.2;
				MARKETING_VERSION = 1.0;
				PRODUCT_BUNDLE_IDENTIFIER = "com.germanpaul.Dice-SwiftUITests";
				PRODUCT_NAME = "$(TARGET_NAME)";
				SWIFT_EMIT_LOC_STRINGS = NO;
				SWIFT_VERSION = 5.0;
				TARGETED_DEVICE_FAMILY = "1,2";
				TEST_HOST = "$(BUILT_PRODUCTS_DIR)/Dice SwiftUI.app/$(BUNDLE_EXECUTABLE_FOLDER_PATH)/Dice SwiftUI";
			};
			name = Release;
		};
		DE15178E29C328FB002DCC55 /* Debug */ = {
			isa = XCBuildConfiguration;
			buildSettings = {
				ALWAYS_EMBED_SWIFT_STANDARD_LIBRARIES = YES;
				CODE_SIGN_STYLE = Automatic;
				CURRENT_PROJECT_VERSION = 1;
				DEVELOPMENT_TEAM = 976NTK47XK;
				GENERATE_INFOPLIST_FILE = YES;
				MARKETING_VERSION = 1.0;
				PRODUCT_BUNDLE_IDENTIFIER = "com.germanpaul.Dice-SwiftUIUITests";
				PRODUCT_NAME = "$(TARGET_NAME)";
				SWIFT_EMIT_LOC_STRINGS = NO;
				SWIFT_VERSION = 5.0;
				TARGETED_DEVICE_FAMILY = "1,2";
				TEST_TARGET_NAME = "Dice SwiftUI";
			};
			name = Debug;
		};
		DE15178F29C328FB002DCC55 /* Release */ = {
			isa = XCBuildConfiguration;
			buildSettings = {
				ALWAYS_EMBED_SWIFT_STANDARD_LIBRARIES = YES;
				CODE_SIGN_STYLE = Automatic;
				CURRENT_PROJECT_VERSION = 1;
				DEVELOPMENT_TEAM = 976NTK47XK;
				GENERATE_INFOPLIST_FILE = YES;
				MARKETING_VERSION = 1.0;
				PRODUCT_BUNDLE_IDENTIFIER = "com.germanpaul.Dice-SwiftUIUITests";
				PRODUCT_NAME = "$(TARGET_NAME)";
				SWIFT_EMIT_LOC_STRINGS = NO;
				SWIFT_VERSION = 5.0;
				TARGETED_DEVICE_FAMILY = "1,2";
				TEST_TARGET_NAME = "Dice SwiftUI";
			};
			name = Release;
		};
/* End XCBuildConfiguration section */

/* Begin XCConfigurationList section */
		DE15175E29C328F9002DCC55 /* Build configuration list for PBXProject "Dice SwiftUI" */ = {
			isa = XCConfigurationList;
			buildConfigurations = (
				DE15178529C328FB002DCC55 /* Debug */,
				DE15178629C328FB002DCC55 /* Release */,
			);
			defaultConfigurationIsVisible = 0;
			defaultConfigurationName = Release;
		};
		DE15178729C328FB002DCC55 /* Build configuration list for PBXNativeTarget "Dice SwiftUI" */ = {
			isa = XCConfigurationList;
			buildConfigurations = (
				DE15178829C328FB002DCC55 /* Debug */,
				DE15178929C328FB002DCC55 /* Release */,
			);
			defaultConfigurationIsVisible = 0;
			defaultConfigurationName = Release;
		};
		DE15178A29C328FB002DCC55 /* Build configuration list for PBXNativeTarget "Dice SwiftUITests" */ = {
			isa = XCConfigurationList;
			buildConfigurations = (
				DE15178B29C328FB002DCC55 /* Debug */,
				DE15178C29C328FB002DCC55 /* Release */,
			);
			defaultConfigurationIsVisible = 0;
			defaultConfigurationName = Release;
		};
		DE15178D29C328FB002DCC55 /* Build configuration list for PBXNativeTarget "Dice SwiftUIUITests" */ = {
			isa = XCConfigurationList;
			buildConfigurations = (
				DE15178E29C328FB002DCC55 /* Debug */,
				DE15178F29C328FB002DCC55 /* Release */,
			);
			defaultConfigurationIsVisible = 0;
			defaultConfigurationName = Release;
		};
/* End XCConfigurationList section */
	};
	rootObject = DE15175B29C328F9002DCC55 /* Project object */;
}
