// !$*UTF8*$!
{
	archiveVersion = 1;
	classes = {
	};
	objectVersion = 56;
	objects = {

/* Begin PBXBuildFile section */
		DE1517D329C33B85002DCC55 /* H4X0R_App_SwiftUIApp.swift in Sources */ = {isa = PBXBuildFile; fileRef = DE1517D229C33B85002DCC55 /* H4X0R_App_SwiftUIApp.swift */; };
		DE1517D529C33B85002DCC55 /* ContentView.swift in Sources */ = {isa = PBXBuildFile; fileRef = DE1517D429C33B85002DCC55 /* ContentView.swift */; };
		DE1517D729C33B87002DCC55 /* Assets.xcassets in Resources */ = {isa = PBXBuildFile; fileRef = DE1517D629C33B87002DCC55 /* Assets.xcassets */; };
		DE1517DA29C33B87002DCC55 /* Preview Assets.xcassets in Resources */ = {isa = PBXBuildFile; fileRef = DE1517D929C33B87002DCC55 /* Preview Assets.xcassets */; };
		DE1517E429C33B87002DCC55 /* H4X0R_App_SwiftUITests.swift in Sources */ = {isa = PBXBuildFile; fileRef = DE1517E329C33B87002DCC55 /* H4X0R_App_SwiftUITests.swift */; };
		DE1517EE29C33B87002DCC55 /* H4X0R_App_SwiftUIUITests.swift in Sources */ = {isa = PBXBuildFile; fileRef = DE1517ED29C33B87002DCC55 /* H4X0R_App_SwiftUIUITests.swift */; };
		DE1517F029C33B87002DCC55 /* H4X0R_App_SwiftUIUITestsLaunchTests.swift in Sources */ = {isa = PBXBuildFile; fileRef = DE1517EF29C33B87002DCC55 /* H4X0R_App_SwiftUIUITestsLaunchTests.swift */; };
		DE1517FE29C3436F002DCC55 /* NetworkManager.swift in Sources */ = {isa = PBXBuildFile; fileRef = DE1517FD29C3436F002DCC55 /* NetworkManager.swift */; };
		DE15180029C34556002DCC55 /* PostData.swift in Sources */ = {isa = PBXBuildFile; fileRef = DE1517FF29C34556002DCC55 /* PostData.swift */; };
		DE15180329C350ED002DCC55 /* DetailView.swift in Sources */ = {isa = PBXBuildFile; fileRef = DE15180229C350ED002DCC55 /* DetailView.swift */; };
		DE15180529C4D0E5002DCC55 /* WebView.swift in Sources */ = {isa = PBXBuildFile; fileRef = DE15180429C4D0E5002DCC55 /* WebView.swift */; };
/* End PBXBuildFile section */

/* Begin PBXContainerItemProxy section */
		DE1517E029C33B87002DCC55 /* PBXContainerItemProxy */ = {
			isa = PBXContainerItemProxy;
			containerPortal = DE1517C729C33B85002DCC55 /* Project object */;
			proxyType = 1;
			remoteGlobalIDString = DE1517CE29C33B85002DCC55;
			remoteInfo = "H4X0R App SwiftUI";
		};
		DE1517EA29C33B87002DCC55 /* PBXContainerItemProxy */ = {
			isa = PBXContainerItemProxy;
			containerPortal = DE1517C729C33B85002DCC55 /* Project object */;
			proxyType = 1;
			remoteGlobalIDString = DE1517CE29C33B85002DCC55;
			remoteInfo = "H4X0R App SwiftUI";
		};
/* End PBXContainerItemProxy section */

/* Begin PBXFileReference section */
		DE1517CF29C33B85002DCC55 /* H4X0R App SwiftUI.app */ = {isa = PBXFileReference; explicitFileType = wrapper.application; includeInIndex = 0; path = "H4X0R App SwiftUI.app"; sourceTree = BUILT_PRODUCTS_DIR; };
		DE1517D229C33B85002DCC55 /* H4X0R_App_SwiftUIApp.swift */ = {isa = PBXFileReference; lastKnownFileType = sourcecode.swift; path = H4X0R_App_SwiftUIApp.swift; sourceTree = "<group>"; };
		DE1517D429C33B85002DCC55 /* ContentView.swift */ = {isa = PBXFileReference; lastKnownFileType = sourcecode.swift; path = ContentView.swift; sourceTree = "<group>"; };
		DE1517D629C33B87002DCC55 /* Assets.xcassets */ = {isa = PBXFileReference; lastKnownFileType = folder.assetcatalog; path = Assets.xcassets; sourceTree = "<group>"; };
		DE1517D929C33B87002DCC55 /* Preview Assets.xcassets */ = {isa = PBXFileReference; lastKnownFileType = folder.assetcatalog; path = "Preview Assets.xcassets"; sourceTree = "<group>"; };
		DE1517DF29C33B87002DCC55 /* H4X0R App SwiftUITests.xctest */ = {isa = PBXFileReference; explicitFileType = wrapper.cfbundle; includeInIndex = 0; path = "H4X0R App SwiftUITests.xctest"; sourceTree = BUILT_PRODUCTS_DIR; };
		DE1517E329C33B87002DCC55 /* H4X0R_App_SwiftUITests.swift */ = {isa = PBXFileReference; lastKnownFileType = sourcecode.swift; path = H4X0R_App_SwiftUITests.swift; sourceTree = "<group>"; };
		DE1517E929C33B87002DCC55 /* H4X0R App SwiftUIUITests.xctest */ = {isa = PBXFileReference; explicitFileType = wrapper.cfbundle; includeInIndex = 0; path = "H4X0R App SwiftUIUITests.xctest"; sourceTree = BUILT_PRODUCTS_DIR; };
		DE1517ED29C33B87002DCC55 /* H4X0R_App_SwiftUIUITests.swift */ = {isa = PBXFileReference; lastKnownFileType = sourcecode.swift; path = H4X0R_App_SwiftUIUITests.swift; sourceTree = "<group>"; };
		DE1517EF29C33B87002DCC55 /* H4X0R_App_SwiftUIUITestsLaunchTests.swift */ = {isa = PBXFileReference; lastKnownFileType = sourcecode.swift; path = H4X0R_App_SwiftUIUITestsLaunchTests.swift; sourceTree = "<group>"; };
		DE1517FD29C3436F002DCC55 /* NetworkManager.swift */ = {isa = PBXFileReference; lastKnownFileType = sourcecode.swift; path = NetworkManager.swift; sourceTree = "<group>"; };
		DE1517FF29C34556002DCC55 /* PostData.swift */ = {isa = PBXFileReference; lastKnownFileType = sourcecode.swift; path = PostData.swift; sourceTree = "<group>"; };
		DE15180229C350ED002DCC55 /* DetailView.swift */ = {isa = PBXFileReference; lastKnownFileType = sourcecode.swift; path = DetailView.swift; sourceTree = "<group>"; };
		DE15180429C4D0E5002DCC55 /* WebView.swift */ = {isa = PBXFileReference; lastKnownFileType = sourcecode.swift; path = WebView.swift; sourceTree = "<group>"; };
/* End PBXFileReference section */

/* Begin PBXFrameworksBuildPhase section */
		DE1517CC29C33B85002DCC55 /* Frameworks */ = {
			isa = PBXFrameworksBuildPhase;
			buildActionMask = 2147483647;
			files = (
			);
			runOnlyForDeploymentPostprocessing = 0;
		};
		DE1517DC29C33B87002DCC55 /* Frameworks */ = {
			isa = PBXFrameworksBuildPhase;
			buildActionMask = 2147483647;
			files = (
			);
			runOnlyForDeploymentPostprocessing = 0;
		};
		DE1517E629C33B87002DCC55 /* Frameworks */ = {
			isa = PBXFrameworksBuildPhase;
			buildActionMask = 2147483647;
			files = (
			);
			runOnlyForDeploymentPostprocessing = 0;
		};
/* End PBXFrameworksBuildPhase section */

/* Begin PBXGroup section */
		DE1517C629C33B85002DCC55 = {
			isa = PBXGroup;
			children = (
				DE1517D129C33B85002DCC55 /* H4X0R App SwiftUI */,
				DE1517E229C33B87002DCC55 /* H4X0R App SwiftUITests */,
				DE1517EC29C33B87002DCC55 /* H4X0R App SwiftUIUITests */,
				DE1517D029C33B85002DCC55 /* Products */,
			);
			sourceTree = "<group>";
		};
		DE1517D029C33B85002DCC55 /* Products */ = {
			isa = PBXGroup;
			children = (
				DE1517CF29C33B85002DCC55 /* H4X0R App SwiftUI.app */,
				DE1517DF29C33B87002DCC55 /* H4X0R App SwiftUITests.xctest */,
				DE1517E929C33B87002DCC55 /* H4X0R App SwiftUIUITests.xctest */,
			);
			name = Products;
			sourceTree = "<group>";
		};
		DE1517D129C33B85002DCC55 /* H4X0R App SwiftUI */ = {
			isa = PBXGroup;
			children = (
				DE1517D229C33B85002DCC55 /* H4X0R_App_SwiftUIApp.swift */,
				DE15180129C34F90002DCC55 /* Views */,
				DE1517FC29C34350002DCC55 /* Models */,
				DE1517D629C33B87002DCC55 /* Assets.xcassets */,
				DE1517D829C33B87002DCC55 /* Preview Content */,
			);
			path = "H4X0R App SwiftUI";
			sourceTree = "<group>";
		};
		DE1517D829C33B87002DCC55 /* Preview Content */ = {
			isa = PBXGroup;
			children = (
				DE1517D929C33B87002DCC55 /* Preview Assets.xcassets */,
			);
			path = "Preview Content";
			sourceTree = "<group>";
		};
		DE1517E229C33B87002DCC55 /* H4X0R App SwiftUITests */ = {
			isa = PBXGroup;
			children = (
				DE1517E329C33B87002DCC55 /* H4X0R_App_SwiftUITests.swift */,
			);
			path = "H4X0R App SwiftUITests";
			sourceTree = "<group>";
		};
		DE1517EC29C33B87002DCC55 /* H4X0R App SwiftUIUITests */ = {
			isa = PBXGroup;
			children = (
				DE1517ED29C33B87002DCC55 /* H4X0R_App_SwiftUIUITests.swift */,
				DE1517EF29C33B87002DCC55 /* H4X0R_App_SwiftUIUITestsLaunchTests.swift */,
			);
			path = "H4X0R App SwiftUIUITests";
			sourceTree = "<group>";
		};
		DE1517FC29C34350002DCC55 /* Models */ = {
			isa = PBXGroup;
			children = (
				DE1517FD29C3436F002DCC55 /* NetworkManager.swift */,
				DE1517FF29C34556002DCC55 /* PostData.swift */,
			);
			path = Models;
			sourceTree = "<group>";
		};
		DE15180129C34F90002DCC55 /* Views */ = {
			isa = PBXGroup;
			children = (
				DE1517D429C33B85002DCC55 /* ContentView.swift */,
				DE15180229C350ED002DCC55 /* DetailView.swift */,
				DE15180429C4D0E5002DCC55 /* WebView.swift */,
			);
			path = Views;
			sourceTree = "<group>";
		};
/* End PBXGroup section */

/* Begin PBXNativeTarget section */
		DE1517CE29C33B85002DCC55 /* H4X0R App SwiftUI */ = {
			isa = PBXNativeTarget;
			buildConfigurationList = DE1517F329C33B87002DCC55 /* Build configuration list for PBXNativeTarget "H4X0R App SwiftUI" */;
			buildPhases = (
				DE1517CB29C33B85002DCC55 /* Sources */,
				DE1517CC29C33B85002DCC55 /* Frameworks */,
				DE1517CD29C33B85002DCC55 /* Resources */,
			);
			buildRules = (
			);
			dependencies = (
			);
			name = "H4X0R App SwiftUI";
			productName = "H4X0R App SwiftUI";
			productReference = DE1517CF29C33B85002DCC55 /* H4X0R App SwiftUI.app */;
			productType = "com.apple.product-type.application";
		};
		DE1517DE29C33B87002DCC55 /* H4X0R App SwiftUITests */ = {
			isa = PBXNativeTarget;
			buildConfigurationList = DE1517F629C33B87002DCC55 /* Build configuration list for PBXNativeTarget "H4X0R App SwiftUITests" */;
			buildPhases = (
				DE1517DB29C33B87002DCC55 /* Sources */,
				DE1517DC29C33B87002DCC55 /* Frameworks */,
				DE1517DD29C33B87002DCC55 /* Resources */,
			);
			buildRules = (
			);
			dependencies = (
				DE1517E129C33B87002DCC55 /* PBXTargetDependency */,
			);
			name = "H4X0R App SwiftUITests";
			productName = "H4X0R App SwiftUITests";
			productReference = DE1517DF29C33B87002DCC55 /* H4X0R App SwiftUITests.xctest */;
			productType = "com.apple.product-type.bundle.unit-test";
		};
		DE1517E829C33B87002DCC55 /* H4X0R App SwiftUIUITests */ = {
			isa = PBXNativeTarget;
			buildConfigurationList = DE1517F929C33B87002DCC55 /* Build configuration list for PBXNativeTarget "H4X0R App SwiftUIUITests" */;
			buildPhases = (
				DE1517E529C33B87002DCC55 /* Sources */,
				DE1517E629C33B87002DCC55 /* Frameworks */,
				DE1517E729C33B87002DCC55 /* Resources */,
			);
			buildRules = (
			);
			dependencies = (
				DE1517EB29C33B87002DCC55 /* PBXTargetDependency */,
			);
			name = "H4X0R App SwiftUIUITests";
			productName = "H4X0R App SwiftUIUITests";
			productReference = DE1517E929C33B87002DCC55 /* H4X0R App SwiftUIUITests.xctest */;
			productType = "com.apple.product-type.bundle.ui-testing";
		};
/* End PBXNativeTarget section */

/* Begin PBXProject section */
		DE1517C729C33B85002DCC55 /* Project object */ = {
			isa = PBXProject;
			attributes = {
				BuildIndependentTargetsInParallel = 1;
				LastSwiftUpdateCheck = 1420;
				LastUpgradeCheck = 1420;
				TargetAttributes = {
					DE1517CE29C33B85002DCC55 = {
						CreatedOnToolsVersion = 14.2;
					};
					DE1517DE29C33B87002DCC55 = {
						CreatedOnToolsVersion = 14.2;
						TestTargetID = DE1517CE29C33B85002DCC55;
					};
					DE1517E829C33B87002DCC55 = {
						CreatedOnToolsVersion = 14.2;
						TestTargetID = DE1517CE29C33B85002DCC55;
					};
				};
			};
			buildConfigurationList = DE1517CA29C33B85002DCC55 /* Build configuration list for PBXProject "H4X0R App SwiftUI" */;
			compatibilityVersion = "Xcode 14.0";
			developmentRegion = en;
			hasScannedForEncodings = 0;
			knownRegions = (
				en,
				Base,
			);
			mainGroup = DE1517C629C33B85002DCC55;
			productRefGroup = DE1517D029C33B85002DCC55 /* Products */;
			projectDirPath = "";
			projectRoot = "";
			targets = (
				DE1517CE29C33B85002DCC55 /* H4X0R App SwiftUI */,
				DE1517DE29C33B87002DCC55 /* H4X0R App SwiftUITests */,
				DE1517E829C33B87002DCC55 /* H4X0R App SwiftUIUITests */,
			);
		};
/* End PBXProject section */

/* Begin PBXResourcesBuildPhase section */
		DE1517CD29C33B85002DCC55 /* Resources */ = {
			isa = PBXResourcesBuildPhase;
			buildActionMask = 2147483647;
			files = (
				DE1517DA29C33B87002DCC55 /* Preview Assets.xcassets in Resources */,
				DE1517D729C33B87002DCC55 /* Assets.xcassets in Resources */,
			);
			runOnlyForDeploymentPostprocessing = 0;
		};
		DE1517DD29C33B87002DCC55 /* Resources */ = {
			isa = PBXResourcesBuildPhase;
			buildActionMask = 2147483647;
			files = (
			);
			runOnlyForDeploymentPostprocessing = 0;
		};
		DE1517E729C33B87002DCC55 /* Resources */ = {
			isa = PBXResourcesBuildPhase;
			buildActionMask = 2147483647;
			files = (
			);
			runOnlyForDeploymentPostprocessing = 0;
		};
/* End PBXResourcesBuildPhase section */

/* Begin PBXSourcesBuildPhase section */
		DE1517CB29C33B85002DCC55 /* Sources */ = {
			isa = PBXSourcesBuildPhase;
			buildActionMask = 2147483647;
			files = (
				DE1517FE29C3436F002DCC55 /* NetworkManager.swift in Sources */,
				DE15180029C34556002DCC55 /* PostData.swift in Sources */,
				DE1517D529C33B85002DCC55 /* ContentView.swift in Sources */,
				DE15180529C4D0E5002DCC55 /* WebView.swift in Sources */,
				DE15180329C350ED002DCC55 /* DetailView.swift in Sources */,
				DE1517D329C33B85002DCC55 /* H4X0R_App_SwiftUIApp.swift in Sources */,
			);
			runOnlyForDeploymentPostprocessing = 0;
		};
		DE1517DB29C33B87002DCC55 /* Sources */ = {
			isa = PBXSourcesBuildPhase;
			buildActionMask = 2147483647;
			files = (
				DE1517E429C33B87002DCC55 /* H4X0R_App_SwiftUITests.swift in Sources */,
			);
			runOnlyForDeploymentPostprocessing = 0;
		};
		DE1517E529C33B87002DCC55 /* Sources */ = {
			isa = PBXSourcesBuildPhase;
			buildActionMask = 2147483647;
			files = (
				DE1517EE29C33B87002DCC55 /* H4X0R_App_SwiftUIUITests.swift in Sources */,
				DE1517F029C33B87002DCC55 /* H4X0R_App_SwiftUIUITestsLaunchTests.swift in Sources */,
			);
			runOnlyForDeploymentPostprocessing = 0;
		};
/* End PBXSourcesBuildPhase section */

/* Begin PBXTargetDependency section */
		DE1517E129C33B87002DCC55 /* PBXTargetDependency */ = {
			isa = PBXTargetDependency;
			target = DE1517CE29C33B85002DCC55 /* H4X0R App SwiftUI */;
			targetProxy = DE1517E029C33B87002DCC55 /* PBXContainerItemProxy */;
		};
		DE1517EB29C33B87002DCC55 /* PBXTargetDependency */ = {
			isa = PBXTargetDependency;
			target = DE1517CE29C33B85002DCC55 /* H4X0R App SwiftUI */;
			targetProxy = DE1517EA29C33B87002DCC55 /* PBXContainerItemProxy */;
		};
/* End PBXTargetDependency section */

/* Begin XCBuildConfiguration section */
		DE1517F129C33B87002DCC55 /* Debug */ = {
			isa = XCBuildConfiguration;
			buildSettings = {
				ALWAYS_SEARCH_USER_PATHS = NO;
				CLANG_ANALYZER_NONNULL = YES;
				CLANG_ANALYZER_NUMBER_OBJECT_CONVERSION = YES_AGGRESSIVE;
				CLANG_CXX_LANGUAGE_STANDARD = "gnu++20";
				CLANG_ENABLE_MODULES = YES;
				CLANG_ENABLE_OBJC_ARC = YES;
				CLANG_ENABLE_OBJC_WEAK = YES;
				CLANG_WARN_BLOCK_CAPTURE_AUTORELEASING = YES;
				CLANG_WARN_BOOL_CONVERSION = YES;
				CLANG_WARN_COMMA = YES;
				CLANG_WARN_CONSTANT_CONVERSION = YES;
				CLANG_WARN_DEPRECATED_OBJC_IMPLEMENTATIONS = YES;
				CLANG_WARN_DIRECT_OBJC_ISA_USAGE = YES_ERROR;
				CLANG_WARN_DOCUMENTATION_COMMENTS = YES;
				CLANG_WARN_EMPTY_BODY = YES;
				CLANG_WARN_ENUM_CONVERSION = YES;
				CLANG_WARN_INFINITE_RECURSION = YES;
				CLANG_WARN_INT_CONVERSION = YES;
				CLANG_WARN_NON_LITERAL_NULL_CONVERSION = YES;
				CLANG_WARN_OBJC_IMPLICIT_RETAIN_SELF = YES;
				CLANG_WARN_OBJC_LITERAL_CONVERSION = YES;
				CLANG_WARN_OBJC_ROOT_CLASS = YES_ERROR;
				CLANG_WARN_QUOTED_INCLUDE_IN_FRAMEWORK_HEADER = YES;
				CLANG_WARN_RANGE_LOOP_ANALYSIS = YES;
				CLANG_WARN_STRICT_PROTOTYPES = YES;
				CLANG_WARN_SUSPICIOUS_MOVE = YES;
				CLANG_WARN_UNGUARDED_AVAILABILITY = YES_AGGRESSIVE;
				CLANG_WARN_UNREACHABLE_CODE = YES;
				CLANG_WARN__DUPLICATE_METHOD_MATCH = YES;
				COPY_PHASE_STRIP = NO;
				DEBUG_INFORMATION_FORMAT = dwarf;
				ENABLE_STRICT_OBJC_MSGSEND = YES;
				ENABLE_TESTABILITY = YES;
				GCC_C_LANGUAGE_STANDARD = gnu11;
				GCC_DYNAMIC_NO_PIC = NO;
				GCC_NO_COMMON_BLOCKS = YES;
				GCC_OPTIMIZATION_LEVEL = 0;
				GCC_PREPROCESSOR_DEFINITIONS = (
					"DEBUG=1",
					"$(inherited)",
				);
				GCC_WARN_64_TO_32_BIT_CONVERSION = YES;
				GCC_WARN_ABOUT_RETURN_TYPE = YES_ERROR;
				GCC_WARN_UNDECLARED_SELECTOR = YES;
				GCC_WARN_UNINITIALIZED_AUTOS = YES_AGGRESSIVE;
				GCC_WARN_UNUSED_FUNCTION = YES;
				GCC_WARN_UNUSED_VARIABLE = YES;
				IPHONEOS_DEPLOYMENT_TARGET = 16.2;
				MTL_ENABLE_DEBUG_INFO = INCLUDE_SOURCE;
				MTL_FAST_MATH = YES;
				ONLY_ACTIVE_ARCH = YES;
				SDKROOT = iphoneos;
				SWIFT_ACTIVE_COMPILATION_CONDITIONS = DEBUG;
				SWIFT_OPTIMIZATION_LEVEL = "-Onone";
			};
			name = Debug;
		};
		DE1517F229C33B87002DCC55 /* Release */ = {
			isa = XCBuildConfiguration;
			buildSettings = {
				ALWAYS_SEARCH_USER_PATHS = NO;
				CLANG_ANALYZER_NONNULL = YES;
				CLANG_ANALYZER_NUMBER_OBJECT_CONVERSION = YES_AGGRESSIVE;
				CLANG_CXX_LANGUAGE_STANDARD = "gnu++20";
				CLANG_ENABLE_MODULES = YES;
				CLANG_ENABLE_OBJC_ARC = YES;
				CLANG_ENABLE_OBJC_WEAK = YES;
				CLANG_WARN_BLOCK_CAPTURE_AUTORELEASING = YES;
				CLANG_WARN_BOOL_CONVERSION = YES;
				CLANG_WARN_COMMA = YES;
				CLANG_WARN_CONSTANT_CONVERSION = YES;
				CLANG_WARN_DEPRECATED_OBJC_IMPLEMENTATIONS = YES;
				CLANG_WARN_DIRECT_OBJC_ISA_USAGE = YES_ERROR;
				CLANG_WARN_DOCUMENTATION_COMMENTS = YES;
				CLANG_WARN_EMPTY_BODY = YES;
				CLANG_WARN_ENUM_CONVERSION = YES;
				CLANG_WARN_INFINITE_RECURSION = YES;
				CLANG_WARN_INT_CONVERSION = YES;
				CLANG_WARN_NON_LITERAL_NULL_CONVERSION = YES;
				CLANG_WARN_OBJC_IMPLICIT_RETAIN_SELF = YES;
				CLANG_WARN_OBJC_LITERAL_CONVERSION = YES;
				CLANG_WARN_OBJC_ROOT_CLASS = YES_ERROR;
				CLANG_WARN_QUOTED_INCLUDE_IN_FRAMEWORK_HEADER = YES;
				CLANG_WARN_RANGE_LOOP_ANALYSIS = YES;
				CLANG_WARN_STRICT_PROTOTYPES = YES;
				CLANG_WARN_SUSPICIOUS_MOVE = YES;
				CLANG_WARN_UNGUARDED_AVAILABILITY = YES_AGGRESSIVE;
				CLANG_WARN_UNREACHABLE_CODE = YES;
				CLANG_WARN__DUPLICATE_METHOD_MATCH = YES;
				COPY_PHASE_STRIP = NO;
				DEBUG_INFORMATION_FORMAT = "dwarf-with-dsym";
				ENABLE_NS_ASSERTIONS = NO;
				ENABLE_STRICT_OBJC_MSGSEND = YES;
				GCC_C_LANGUAGE_STANDARD = gnu11;
				GCC_NO_COMMON_BLOCKS = YES;
				GCC_WARN_64_TO_32_BIT_CONVERSION = YES;
				GCC_WARN_ABOUT_RETURN_TYPE = YES_ERROR;
				GCC_WARN_UNDECLARED_SELECTOR = YES;
				GCC_WARN_UNINITIALIZED_AUTOS = YES_AGGRESSIVE;
				GCC_WARN_UNUSED_FUNCTION = YES;
				GCC_WARN_UNUSED_VARIABLE = YES;
				IPHONEOS_DEPLOYMENT_TARGET = 16.2;
				MTL_ENABLE_DEBUG_INFO = NO;
				MTL_FAST_MATH = YES;
				SDKROOT = iphoneos;
				SWIFT_COMPILATION_MODE = wholemodule;
				SWIFT_OPTIMIZATION_LEVEL = "-O";
				VALIDATE_PRODUCT = YES;
			};
			name = Release;
		};
		DE1517F429C33B87002DCC55 /* Debug */ = {
			isa = XCBuildConfiguration;
			buildSettings = {
				ASSETCATALOG_COMPILER_APPICON_NAME = AppIcon;
				ASSETCATALOG_COMPILER_GLOBAL_ACCENT_COLOR_NAME = AccentColor;
				CODE_SIGN_STYLE = Automatic;
				CURRENT_PROJECT_VERSION = 1;
				DEVELOPMENT_ASSET_PATHS = "\"H4X0R App SwiftUI/Preview Content\"";
				DEVELOPMENT_TEAM = 976NTK47XK;
				ENABLE_PREVIEWS = YES;
				GENERATE_INFOPLIST_FILE = YES;
				INFOPLIST_KEY_UIApplicationSceneManifest_Generation = YES;
				INFOPLIST_KEY_UIApplicationSupportsIndirectInputEvents = YES;
				INFOPLIST_KEY_UILaunchScreen_Generation = YES;
				INFOPLIST_KEY_UISupportedInterfaceOrientations_iPad = "UIInterfaceOrientationPortrait UIInterfaceOrientationPortraitUpsideDown UIInterfaceOrientationLandscapeLeft UIInterfaceOrientationLandscapeRight";
				INFOPLIST_KEY_UISupportedInterfaceOrientations_iPhone = "UIInterfaceOrientationPortrait UIInterfaceOrientationLandscapeLeft UIInterfaceOrientationLandscapeRight";
				LD_RUNPATH_SEARCH_PATHS = (
					"$(inherited)",
					"@executable_path/Frameworks",
				);
				MARKETING_VERSION = 1.0;
				PRODUCT_BUNDLE_IDENTIFIER = "com.germanpaul.H4X0R-App-SwiftUI";
				PRODUCT_NAME = "$(TARGET_NAME)";
				SWIFT_EMIT_LOC_STRINGS = YES;
				SWIFT_VERSION = 5.0;
				TARGETED_DEVICE_FAMILY = "1,2";
			};
			name = Debug;
		};
		DE1517F529C33B87002DCC55 /* Release */ = {
			isa = XCBuildConfiguration;
			buildSettings = {
				ASSETCATALOG_COMPILER_APPICON_NAME = AppIcon;
				ASSETCATALOG_COMPILER_GLOBAL_ACCENT_COLOR_NAME = AccentColor;
				CODE_SIGN_STYLE = Automatic;
				CURRENT_PROJECT_VERSION = 1;
				DEVELOPMENT_ASSET_PATHS = "\"H4X0R App SwiftUI/Preview Content\"";
				DEVELOPMENT_TEAM = 976NTK47XK;
				ENABLE_PREVIEWS = YES;
				GENERATE_INFOPLIST_FILE = YES;
				INFOPLIST_KEY_UIApplicationSceneManifest_Generation = YES;
				INFOPLIST_KEY_UIApplicationSupportsIndirectInputEvents = YES;
				INFOPLIST_KEY_UILaunchScreen_Generation = YES;
				INFOPLIST_KEY_UISupportedInterfaceOrientations_iPad = "UIInterfaceOrientationPortrait UIInterfaceOrientationPortraitUpsideDown UIInterfaceOrientationLandscapeLeft UIInterfaceOrientationLandscapeRight";
				INFOPLIST_KEY_UISupportedInterfaceOrientations_iPhone = "UIInterfaceOrientationPortrait UIInterfaceOrientationLandscapeLeft UIInterfaceOrientationLandscapeRight";
				LD_RUNPATH_SEARCH_PATHS = (
					"$(inherited)",
					"@executable_path/Frameworks",
				);
				MARKETING_VERSION = 1.0;
				PRODUCT_BUNDLE_IDENTIFIER = "com.germanpaul.H4X0R-App-SwiftUI";
				PRODUCT_NAME = "$(TARGET_NAME)";
				SWIFT_EMIT_LOC_STRINGS = YES;
				SWIFT_VERSION = 5.0;
				TARGETED_DEVICE_FAMILY = "1,2";
			};
			name = Release;
		};
		DE1517F729C33B87002DCC55 /* Debug */ = {
			isa = XCBuildConfiguration;
			buildSettings = {
				ALWAYS_EMBED_SWIFT_STANDARD_LIBRARIES = YES;
				BUNDLE_LOADER = "$(TEST_HOST)";
				CODE_SIGN_STYLE = Automatic;
				CURRENT_PROJECT_VERSION = 1;
				DEVELOPMENT_TEAM = 976NTK47XK;
				GENERATE_INFOPLIST_FILE = YES;
				IPHONEOS_DEPLOYMENT_TARGET = 16.2;
				MARKETING_VERSION = 1.0;
				PRODUCT_BUNDLE_IDENTIFIER = "com.germanpaul.H4X0R-App-SwiftUITests";
				PRODUCT_NAME = "$(TARGET_NAME)";
				SWIFT_EMIT_LOC_STRINGS = NO;
				SWIFT_VERSION = 5.0;
				TARGETED_DEVICE_FAMILY = "1,2";
				TEST_HOST = "$(BUILT_PRODUCTS_DIR)/H4X0R App SwiftUI.app/$(BUNDLE_EXECUTABLE_FOLDER_PATH)/H4X0R App SwiftUI";
			};
			name = Debug;
		};
		DE1517F829C33B87002DCC55 /* Release */ = {
			isa = XCBuildConfiguration;
			buildSettings = {
				ALWAYS_EMBED_SWIFT_STANDARD_LIBRARIES = YES;
				BUNDLE_LOADER = "$(TEST_HOST)";
				CODE_SIGN_STYLE = Automatic;
				CURRENT_PROJECT_VERSION = 1;
				DEVELOPMENT_TEAM = 976NTK47XK;
				GENERATE_INFOPLIST_FILE = YES;
				IPHONEOS_DEPLOYMENT_TARGET = 16.2;
				MARKETING_VERSION = 1.0;
				PRODUCT_BUNDLE_IDENTIFIER = "com.germanpaul.H4X0R-App-SwiftUITests";
				PRODUCT_NAME = "$(TARGET_NAME)";
				SWIFT_EMIT_LOC_STRINGS = NO;
				SWIFT_VERSION = 5.0;
				TARGETED_DEVICE_FAMILY = "1,2";
				TEST_HOST = "$(BUILT_PRODUCTS_DIR)/H4X0R App SwiftUI.app/$(BUNDLE_EXECUTABLE_FOLDER_PATH)/H4X0R App SwiftUI";
			};
			name = Release;
		};
		DE1517FA29C33B87002DCC55 /* Debug */ = {
			isa = XCBuildConfiguration;
			buildSettings = {
				ALWAYS_EMBED_SWIFT_STANDARD_LIBRARIES = YES;
				CODE_SIGN_STYLE = Automatic;
				CURRENT_PROJECT_VERSION = 1;
				DEVELOPMENT_TEAM = 976NTK47XK;
				GENERATE_INFOPLIST_FILE = YES;
				MARKETING_VERSION = 1.0;
				PRODUCT_BUNDLE_IDENTIFIER = "com.germanpaul.H4X0R-App-SwiftUIUITests";
				PRODUCT_NAME = "$(TARGET_NAME)";
				SWIFT_EMIT_LOC_STRINGS = NO;
				SWIFT_VERSION = 5.0;
				TARGETED_DEVICE_FAMILY = "1,2";
				TEST_TARGET_NAME = "H4X0R App SwiftUI";
			};
			name = Debug;
		};
		DE1517FB29C33B87002DCC55 /* Release */ = {
			isa = XCBuildConfiguration;
			buildSettings = {
				ALWAYS_EMBED_SWIFT_STANDARD_LIBRARIES = YES;
				CODE_SIGN_STYLE = Automatic;
				CURRENT_PROJECT_VERSION = 1;
				DEVELOPMENT_TEAM = 976NTK47XK;
				GENERATE_INFOPLIST_FILE = YES;
				MARKETING_VERSION = 1.0;
				PRODUCT_BUNDLE_IDENTIFIER = "com.germanpaul.H4X0R-App-SwiftUIUITests";
				PRODUCT_NAME = "$(TARGET_NAME)";
				SWIFT_EMIT_LOC_STRINGS = NO;
				SWIFT_VERSION = 5.0;
				TARGETED_DEVICE_FAMILY = "1,2";
				TEST_TARGET_NAME = "H4X0R App SwiftUI";
			};
			name = Release;
		};
/* End XCBuildConfiguration section */

/* Begin XCConfigurationList section */
		DE1517CA29C33B85002DCC55 /* Build configuration list for PBXProject "H4X0R App SwiftUI" */ = {
			isa = XCConfigurationList;
			buildConfigurations = (
				DE1517F129C33B87002DCC55 /* Debug */,
				DE1517F229C33B87002DCC55 /* Release */,
			);
			defaultConfigurationIsVisible = 0;
			defaultConfigurationName = Release;
		};
		DE1517F329C33B87002DCC55 /* Build configuration list for PBXNativeTarget "H4X0R App SwiftUI" */ = {
			isa = XCConfigurationList;
			buildConfigurations = (
				DE1517F429C33B87002DCC55 /* Debug */,
				DE1517F529C33B87002DCC55 /* Release */,
			);
			defaultConfigurationIsVisible = 0;
			defaultConfigurationName = Release;
		};
		DE1517F629C33B87002DCC55 /* Build configuration list for PBXNativeTarget "H4X0R App SwiftUITests" */ = {
			isa = XCConfigurationList;
			buildConfigurations = (
				DE1517F729C33B87002DCC55 /* Debug */,
				DE1517F829C33B87002DCC55 /* Release */,
			);
			defaultConfigurationIsVisible = 0;
			defaultConfigurationName = Release;
		};
		DE1517F929C33B87002DCC55 /* Build configuration list for PBXNativeTarget "H4X0R App SwiftUIUITests" */ = {
			isa = XCConfigurationList;
			buildConfigurations = (
				DE1517FA29C33B87002DCC55 /* Debug */,
				DE1517FB29C33B87002DCC55 /* Release */,
			);
			defaultConfigurationIsVisible = 0;
			defaultConfigurationName = Release;
		};
/* End XCConfigurationList section */
	};
	rootObject = DE1517C729C33B85002DCC55 /* Project object */;
}
